
Microsoft Visual Studio Solution File, Format Version 12.00
# Visual Studio Version 16
VisualStudioVersion = 16.0.30503.244
MinimumVisualStudioVersion = 10.0.40219.1
Project("{FAE04EC0-301F-11D3-BF4B-00C04F79EFBC}") = "TPShyFuMyClient", "TPShyFuMyClient\TPShyFuMyClient.csproj", "{1C5D4505-6E3B-4A1C-B0BC-32C6C883D3A2}"
EndProject
Project("{FAE04EC0-301F-11D3-BF4B-00C04F79EFBC}") = "TPShyFuMyServer", "TPShyFuMyServer\TPShyFuMyServer.csproj", "{36F5991E-20FB-4597-8E47-8FC2106154FA}"
EndProject
Project("{FAE04EC0-301F-11D3-BF4B-00C04F79EFBC}") = "TPShyFuMyLibrary", "TPShyFuMyLibrary\TPShyFuMyLibrary.csproj", "{E484D95D-76D8-4B1D-B1A9-5397B77A87ED}"
EndProject
Global
	GlobalSection(SolutionConfigurationPlatforms) = preSolution
		Debug|Any CPU = Debug|Any CPU
		Release|Any CPU = Release|Any CPU
	EndGlobalSection
	GlobalSection(ProjectConfigurationPlatforms) = postSolution
		{1C5D4505-6E3B-4A1C-B0BC-32C6C883D3A2}.Debug|Any CPU.ActiveCfg = Debug|Any CPU
		{1C5D4505-6E3B-4A1C-B0BC-32C6C883D3A2}.Debug|Any CPU.Build.0 = Debug|Any CPU
		{1C5D4505-6E3B-4A1C-B0BC-32C6C883D3A2}.Release|Any CPU.ActiveCfg = Release|Any CPU
		{1C5D4505-6E3B-4A1C-B0BC-32C6C883D3A2}.Release|Any CPU.Build.0 = Release|Any CPU
		{36F5991E-20FB-4597-8E47-8FC2106154FA}.Debug|Any CPU.ActiveCfg = Debug|Any CPU
		{36F5991E-20FB-4597-8E47-8FC2106154FA}.Debug|Any CPU.Build.0 = Debug|Any CPU
		{36F5991E-20FB-4597-8E47-8FC2106154FA}.Release|Any CPU.ActiveCfg = Release|Any CPU
		{36F5991E-20FB-4597-8E47-8FC2106154FA}.Release|Any CPU.Build.0 = Release|Any CPU
		{E484D95D-76D8-4B1D-B1A9-5397B77A87ED}.Debug|Any CPU.ActiveCfg = Debug|Any CPU
		{E484D95D-76D8-4B1D-B1A9-5397B77A87ED}.Debug|Any CPU.Build.0 = Debug|Any CPU
		{E484D95D-76D8-4B1D-B1A9-5397B77A87ED}.Release|Any CPU.ActiveCfg = Release|Any CPU
		{E484D95D-76D8-4B1D-B1A9-5397B77A87ED}.Release|Any CPU.Build.0 = Release|Any CPU
	EndGlobalSection
	GlobalSection(SolutionProperties) = preSolution
		HideSolutionNode = FALSE
	EndGlobalSection
	GlobalSection(ExtensibilityGlobals) = postSolution
		SolutionGuid = {B7DA760D-AFD2-4E75-8BD8-08AABEF9D5CE}
	EndGlobalSection
EndGlobal
